
Microsoft Visual Studio Solution File, Format Version 12.00
# Visual Studio 2013
VisualStudioVersion = 12.0.21005.1
MinimumVisualStudioVersion = 10.0.40219.1
Project("{FAE04EC0-301F-11D3-BF4B-00C04F79EFBC}") = "MazeForm", "Maze\MazeForm.csproj", "{5E7FDAD5-0D7D-4AE1-B59E-EE8A5805F2E0}"
EndProject
Project("{FAE04EC0-301F-11D3-BF4B-00C04F79EFBC}") = "GameComponents", "Components\GameComponents.csproj", "{D9F7833B-731B-4466-BE71-C595E89C44F6}"
EndProject
Project("{FAE04EC0-301F-11D3-BF4B-00C04F79EFBC}") = "GameTests", "MazeTests\GameTests.csproj", "{3E0B7C54-6204-4D71-8157-B0DF48871AC1}"
EndProject
Global
	GlobalSection(TeamFoundationVersionControl) = preSolution
		SccNumberOfProjects = 4
		SccEnterpriseProvider = {4CA58AB2-18FA-4F8D-95D4-32DDF27D184C}
		SccTeamFoundationServer = https://ghattjr.visualstudio.com/defaultcollection
		SccLocalPath0 = .
		SccProjectUniqueName1 = Maze\\MazeForm.csproj
		SccProjectName1 = Maze
		SccLocalPath1 = Maze
		SccProjectUniqueName2 = Components\\GameComponents.csproj
		SccProjectName2 = Components
		SccLocalPath2 = Components
		SccProjectUniqueName3 = MazeTests\\GameTests.csproj
		SccProjectName3 = MazeTests
		SccLocalPath3 = MazeTests
	EndGlobalSection
	GlobalSection(SolutionConfigurationPlatforms) = preSolution
		Debug|Any CPU = Debug|Any CPU
		Release|Any CPU = Release|Any CPU
	EndGlobalSection
	GlobalSection(ProjectConfigurationPlatforms) = postSolution
		{5E7FDAD5-0D7D-4AE1-B59E-EE8A5805F2E0}.Debug|Any CPU.ActiveCfg = Debug|Any CPU
		{5E7FDAD5-0D7D-4AE1-B59E-EE8A5805F2E0}.Debug|Any CPU.Build.0 = Debug|Any CPU
		{5E7FDAD5-0D7D-4AE1-B59E-EE8A5805F2E0}.Release|Any CPU.ActiveCfg = Release|Any CPU
		{5E7FDAD5-0D7D-4AE1-B59E-EE8A5805F2E0}.Release|Any CPU.Build.0 = Release|Any CPU
		{D9F7833B-731B-4466-BE71-C595E89C44F6}.Debug|Any CPU.ActiveCfg = Debug|Any CPU
		{D9F7833B-731B-4466-BE71-C595E89C44F6}.Debug|Any CPU.Build.0 = Debug|Any CPU
		{D9F7833B-731B-4466-BE71-C595E89C44F6}.Release|Any CPU.ActiveCfg = Release|Any CPU
		{D9F7833B-731B-4466-BE71-C595E89C44F6}.Release|Any CPU.Build.0 = Release|Any CPU
		{3E0B7C54-6204-4D71-8157-B0DF48871AC1}.Debug|Any CPU.ActiveCfg = Debug|Any CPU
		{3E0B7C54-6204-4D71-8157-B0DF48871AC1}.Debug|Any CPU.Build.0 = Debug|Any CPU
		{3E0B7C54-6204-4D71-8157-B0DF48871AC1}.Release|Any CPU.ActiveCfg = Release|Any CPU
		{3E0B7C54-6204-4D71-8157-B0DF48871AC1}.Release|Any CPU.Build.0 = Release|Any CPU
	EndGlobalSection
	GlobalSection(SolutionProperties) = preSolution
		HideSolutionNode = FALSE
	EndGlobalSection
EndGlobal
